
Microsoft Visual Studio Solution File, Format Version 12.00
# Visual Studio 15
VisualStudioVersion = 15.0.27004.2005
MinimumVisualStudioVersion = 10.0.40219.1
Project("{FAE04EC0-301F-11D3-BF4B-00C04F79EFBC}") = "InfobipClientLib", "InfobipClientLib\InfobipClientLib.csproj", "{95264B1B-6EFA-4791-A75F-481464FD5CD3}"
EndProject
Project("{FAE04EC0-301F-11D3-BF4B-00C04F79EFBC}") = "InfobipClientExamples", "InfobipClientExamples\InfobipClientExamples.csproj", "{20C0C73C-67B2-461D-A34D-F4686367493C}"
EndProject
Global
	GlobalSection(SolutionConfigurationPlatforms) = preSolution
		Debug|Any CPU = Debug|Any CPU
		Release|Any CPU = Release|Any CPU
	EndGlobalSection
	GlobalSection(ProjectConfigurationPlatforms) = postSolution
		{95264B1B-6EFA-4791-A75F-481464FD5CD3}.Debug|Any CPU.ActiveCfg = Debug|Any CPU
		{95264B1B-6EFA-4791-A75F-481464FD5CD3}.Debug|Any CPU.Build.0 = Debug|Any CPU
		{95264B1B-6EFA-4791-A75F-481464FD5CD3}.Release|Any CPU.ActiveCfg = Release|Any CPU
		{95264B1B-6EFA-4791-A75F-481464FD5CD3}.Release|Any CPU.Build.0 = Release|Any CPU
		{20C0C73C-67B2-461D-A34D-F4686367493C}.Debug|Any CPU.ActiveCfg = Debug|Any CPU
		{20C0C73C-67B2-461D-A34D-F4686367493C}.Debug|Any CPU.Build.0 = Debug|Any CPU
		{20C0C73C-67B2-461D-A34D-F4686367493C}.Release|Any CPU.ActiveCfg = Release|Any CPU
		{20C0C73C-67B2-461D-A34D-F4686367493C}.Release|Any CPU.Build.0 = Release|Any CPU
	EndGlobalSection
	GlobalSection(SolutionProperties) = preSolution
		HideSolutionNode = FALSE
	EndGlobalSection
	GlobalSection(ExtensibilityGlobals) = postSolution
		SolutionGuid = {2E96FF84-92DF-4745-A03B-714602A0FAD7}
	EndGlobalSection
EndGlobal
