
Microsoft Visual Studio Solution File, Format Version 12.00
# Visual Studio 15
VisualStudioVersion = 15.0.26124.0
MinimumVisualStudioVersion = 15.0.26124.0
Project("{FAE04EC0-301F-11D3-BF4B-00C04F79EFBC}") = "InfobipClientLib", "InfobipClientLib\InfobipClientLib.csproj", "{956427A1-497F-45E0-BF04-7BF1BB2A9D57}"
EndProject
Project("{FAE04EC0-301F-11D3-BF4B-00C04F79EFBC}") = "InfobipClientExamples", "InfobipClientExamples\InfobipClientExamples.csproj", "{5D62C776-EB53-4534-8572-896143666413}"
EndProject
Global
	GlobalSection(SolutionConfigurationPlatforms) = preSolution
		Debug|Any CPU = Debug|Any CPU
		Debug|x64 = Debug|x64
		Debug|x86 = Debug|x86
		Release|Any CPU = Release|Any CPU
		Release|x64 = Release|x64
		Release|x86 = Release|x86
	EndGlobalSection
	GlobalSection(SolutionProperties) = preSolution
		HideSolutionNode = FALSE
	EndGlobalSection
	GlobalSection(ProjectConfigurationPlatforms) = postSolution
		{956427A1-497F-45E0-BF04-7BF1BB2A9D57}.Debug|Any CPU.ActiveCfg = Debug|Any CPU
		{956427A1-497F-45E0-BF04-7BF1BB2A9D57}.Debug|Any CPU.Build.0 = Debug|Any CPU
		{956427A1-497F-45E0-BF04-7BF1BB2A9D57}.Debug|x64.ActiveCfg = Debug|x64
		{956427A1-497F-45E0-BF04-7BF1BB2A9D57}.Debug|x64.Build.0 = Debug|x64
		{956427A1-497F-45E0-BF04-7BF1BB2A9D57}.Debug|x86.ActiveCfg = Debug|x86
		{956427A1-497F-45E0-BF04-7BF1BB2A9D57}.Debug|x86.Build.0 = Debug|x86
		{956427A1-497F-45E0-BF04-7BF1BB2A9D57}.Release|Any CPU.ActiveCfg = Release|Any CPU
		{956427A1-497F-45E0-BF04-7BF1BB2A9D57}.Release|Any CPU.Build.0 = Release|Any CPU
		{956427A1-497F-45E0-BF04-7BF1BB2A9D57}.Release|x64.ActiveCfg = Release|x64
		{956427A1-497F-45E0-BF04-7BF1BB2A9D57}.Release|x64.Build.0 = Release|x64
		{956427A1-497F-45E0-BF04-7BF1BB2A9D57}.Release|x86.ActiveCfg = Release|x86
		{956427A1-497F-45E0-BF04-7BF1BB2A9D57}.Release|x86.Build.0 = Release|x86
		{5D62C776-EB53-4534-8572-896143666413}.Debug|Any CPU.ActiveCfg = Debug|Any CPU
		{5D62C776-EB53-4534-8572-896143666413}.Debug|Any CPU.Build.0 = Debug|Any CPU
		{5D62C776-EB53-4534-8572-896143666413}.Debug|x64.ActiveCfg = Debug|x64
		{5D62C776-EB53-4534-8572-896143666413}.Debug|x64.Build.0 = Debug|x64
		{5D62C776-EB53-4534-8572-896143666413}.Debug|x86.ActiveCfg = Debug|x86
		{5D62C776-EB53-4534-8572-896143666413}.Debug|x86.Build.0 = Debug|x86
		{5D62C776-EB53-4534-8572-896143666413}.Release|Any CPU.ActiveCfg = Release|Any CPU
		{5D62C776-EB53-4534-8572-896143666413}.Release|Any CPU.Build.0 = Release|Any CPU
		{5D62C776-EB53-4534-8572-896143666413}.Release|x64.ActiveCfg = Release|x64
		{5D62C776-EB53-4534-8572-896143666413}.Release|x64.Build.0 = Release|x64
		{5D62C776-EB53-4534-8572-896143666413}.Release|x86.ActiveCfg = Release|x86
		{5D62C776-EB53-4534-8572-896143666413}.Release|x86.Build.0 = Release|x86
	EndGlobalSection
EndGlobal
